
Microsoft Visual Studio Solution File, Format Version 12.00
# Visual Studio Version 17
VisualStudioVersion = 17.9.34902.65
MinimumVisualStudioVersion = 10.0.40219.1
Project("{8BC9CEB8-8B4A-11D0-8D11-00A0C91BC942}") = "micro-local-cloud-storage-server", "micro-local-cloud-storage\micro-local-cloud-storage.vcxproj", "{8C556B45-18EB-4D98-B3BD-67CE1A033482}"
EndProject
Project("{8BC9CEB8-8B4A-11D0-8D11-00A0C91BC942}") = "micro-local-cloud-storage-client", "micro-local-cloud-storage-client\micro-local-cloud-storage-client.vcxproj", "{96739C82-53D4-4BD2-B826-0E2BB7BA5373}"
EndProject
Global
	GlobalSection(SolutionConfigurationPlatforms) = preSolution
		Debug|x64 = Debug|x64
		Debug|x86 = Debug|x86
		Release|x64 = Release|x64
		Release|x86 = Release|x86
	EndGlobalSection
	GlobalSection(ProjectConfigurationPlatforms) = postSolution
		{8C556B45-18EB-4D98-B3BD-67CE1A033482}.Debug|x64.ActiveCfg = Debug|x64
		{8C556B45-18EB-4D98-B3BD-67CE1A033482}.Debug|x64.Build.0 = Debug|x64
		{8C556B45-18EB-4D98-B3BD-67CE1A033482}.Debug|x86.ActiveCfg = Debug|Win32
		{8C556B45-18EB-4D98-B3BD-67CE1A033482}.Debug|x86.Build.0 = Debug|Win32
		{8C556B45-18EB-4D98-B3BD-67CE1A033482}.Release|x64.ActiveCfg = Release|x64
		{8C556B45-18EB-4D98-B3BD-67CE1A033482}.Release|x64.Build.0 = Release|x64
		{8C556B45-18EB-4D98-B3BD-67CE1A033482}.Release|x86.ActiveCfg = Release|Win32
		{8C556B45-18EB-4D98-B3BD-67CE1A033482}.Release|x86.Build.0 = Release|Win32
		{96739C82-53D4-4BD2-B826-0E2BB7BA5373}.Debug|x64.ActiveCfg = Debug|x64
		{96739C82-53D4-4BD2-B826-0E2BB7BA5373}.Debug|x64.Build.0 = Debug|x64
		{96739C82-53D4-4BD2-B826-0E2BB7BA5373}.Debug|x86.ActiveCfg = Debug|Win32
		{96739C82-53D4-4BD2-B826-0E2BB7BA5373}.Debug|x86.Build.0 = Debug|Win32
		{96739C82-53D4-4BD2-B826-0E2BB7BA5373}.Release|x64.ActiveCfg = Release|x64
		{96739C82-53D4-4BD2-B826-0E2BB7BA5373}.Release|x64.Build.0 = Release|x64
		{96739C82-53D4-4BD2-B826-0E2BB7BA5373}.Release|x86.ActiveCfg = Release|Win32
		{96739C82-53D4-4BD2-B826-0E2BB7BA5373}.Release|x86.Build.0 = Release|Win32
	EndGlobalSection
	GlobalSection(SolutionProperties) = preSolution
		HideSolutionNode = FALSE
	EndGlobalSection
	GlobalSection(ExtensibilityGlobals) = postSolution
		SolutionGuid = {54CDC8D5-022F-4BF7-B731-5745D1746EE7}
	EndGlobalSection
EndGlobal
